
Microsoft Visual Studio Solution File, Format Version 12.00
# Visual Studio Version 16
VisualStudioVersion = 16.0.30804.86
MinimumVisualStudioVersion = 10.0.40219.1
Project("{9A19103F-16F7-4668-BE54-9A1E7A4F7556}") = "EPOSProjektni", "EPOSProjektni\EPOSProjektni.csproj", "{78872F7A-E513-477D-A1CC-E38A5C3919BB}"
EndProject
Global
	GlobalSection(SolutionConfigurationPlatforms) = preSolution
		Debug|Any CPU = Debug|Any CPU
		Release|Any CPU = Release|Any CPU
	EndGlobalSection
	GlobalSection(ProjectConfigurationPlatforms) = postSolution
		{78872F7A-E513-477D-A1CC-E38A5C3919BB}.Debug|Any CPU.ActiveCfg = Debug|Any CPU
		{78872F7A-E513-477D-A1CC-E38A5C3919BB}.Debug|Any CPU.Build.0 = Debug|Any CPU
		{78872F7A-E513-477D-A1CC-E38A5C3919BB}.Release|Any CPU.ActiveCfg = Release|Any CPU
		{78872F7A-E513-477D-A1CC-E38A5C3919BB}.Release|Any CPU.Build.0 = Release|Any CPU
	EndGlobalSection
	GlobalSection(SolutionProperties) = preSolution
		HideSolutionNode = FALSE
	EndGlobalSection
	GlobalSection(ExtensibilityGlobals) = postSolution
		SolutionGuid = {1D18DFB4-66F6-4F83-A1D7-33F7F9D68F6B}
	EndGlobalSection
EndGlobal
